
Microsoft Visual Studio Solution File, Format Version 12.00
# Visual Studio Version 16
VisualStudioVersion = 16.0.32106.194
MinimumVisualStudioVersion = 10.0.40219.1
Project("{FAE04EC0-301F-11D3-BF4B-00C04F79EFBC}") = "Labb1MVC V3", "Labb1MVC V3\Labb1MVC V3.csproj", "{74D06CDB-59FD-4D17-934C-4FCF59180904}"
EndProject
Global
	GlobalSection(SolutionConfigurationPlatforms) = preSolution
		Debug|Any CPU = Debug|Any CPU
		Release|Any CPU = Release|Any CPU
	EndGlobalSection
	GlobalSection(ProjectConfigurationPlatforms) = postSolution
		{74D06CDB-59FD-4D17-934C-4FCF59180904}.Debug|Any CPU.ActiveCfg = Debug|Any CPU
		{74D06CDB-59FD-4D17-934C-4FCF59180904}.Debug|Any CPU.Build.0 = Debug|Any CPU
		{74D06CDB-59FD-4D17-934C-4FCF59180904}.Release|Any CPU.ActiveCfg = Release|Any CPU
		{74D06CDB-59FD-4D17-934C-4FCF59180904}.Release|Any CPU.Build.0 = Release|Any CPU
	EndGlobalSection
	GlobalSection(SolutionProperties) = preSolution
		HideSolutionNode = FALSE
	EndGlobalSection
	GlobalSection(ExtensibilityGlobals) = postSolution
		SolutionGuid = {D4D4CAB9-0471-4D9B-81E6-DB9719E526A5}
	EndGlobalSection
EndGlobal
